
Microsoft Visual Studio Solution File, Format Version 12.00
# Visual Studio 15
VisualStudioVersion = 15.0.28307.271
MinimumVisualStudioVersion = 10.0.40219.1
Project("{8BC9CEB8-8B4A-11D0-8D11-00A0C91BC942}") = "Exercise1", "Project1\Project1.vcxproj", "{62A2DEB4-5162-4A33-844E-3ABFF8C50929}"
EndProject
Global
	GlobalSection(SolutionConfigurationPlatforms) = preSolution
		Debug|x64 = Debug|x64
		Debug|x86 = Debug|x86
		Release|x64 = Release|x64
		Release|x86 = Release|x86
	EndGlobalSection
	GlobalSection(ProjectConfigurationPlatforms) = postSolution
		{62A2DEB4-5162-4A33-844E-3ABFF8C50929}.Debug|x64.ActiveCfg = Debug|x64
		{62A2DEB4-5162-4A33-844E-3ABFF8C50929}.Debug|x64.Build.0 = Debug|x64
		{62A2DEB4-5162-4A33-844E-3ABFF8C50929}.Debug|x86.ActiveCfg = Debug|Win32
		{62A2DEB4-5162-4A33-844E-3ABFF8C50929}.Debug|x86.Build.0 = Debug|Win32
		{62A2DEB4-5162-4A33-844E-3ABFF8C50929}.Release|x64.ActiveCfg = Release|x64
		{62A2DEB4-5162-4A33-844E-3ABFF8C50929}.Release|x64.Build.0 = Release|x64
		{62A2DEB4-5162-4A33-844E-3ABFF8C50929}.Release|x86.ActiveCfg = Release|Win32
		{62A2DEB4-5162-4A33-844E-3ABFF8C50929}.Release|x86.Build.0 = Release|Win32
	EndGlobalSection
	GlobalSection(SolutionProperties) = preSolution
		HideSolutionNode = FALSE
	EndGlobalSection
	GlobalSection(ExtensibilityGlobals) = postSolution
		SolutionGuid = {EF4B2ED0-FF93-4871-AEF6-BCDD1922E36D}
	EndGlobalSection
EndGlobal
